
Microsoft Visual Studio Solution File, Format Version 12.00
# Visual Studio Version 16
VisualStudioVersion = 16.0.31911.196
MinimumVisualStudioVersion = 10.0.40219.1
Project("{FAE04EC0-301F-11D3-BF4B-00C04F79EFBC}") = "ExApiFilmes", "ExApiFilmes\ExApiFilmes.csproj", "{FFDB5780-8137-4B2B-95A8-AE5A66AB09A1}"
EndProject
Global
	GlobalSection(SolutionConfigurationPlatforms) = preSolution
		Debug|Any CPU = Debug|Any CPU
		Release|Any CPU = Release|Any CPU
	EndGlobalSection
	GlobalSection(ProjectConfigurationPlatforms) = postSolution
		{FFDB5780-8137-4B2B-95A8-AE5A66AB09A1}.Debug|Any CPU.ActiveCfg = Debug|Any CPU
		{FFDB5780-8137-4B2B-95A8-AE5A66AB09A1}.Debug|Any CPU.Build.0 = Debug|Any CPU
		{FFDB5780-8137-4B2B-95A8-AE5A66AB09A1}.Release|Any CPU.ActiveCfg = Release|Any CPU
		{FFDB5780-8137-4B2B-95A8-AE5A66AB09A1}.Release|Any CPU.Build.0 = Release|Any CPU
	EndGlobalSection
	GlobalSection(SolutionProperties) = preSolution
		HideSolutionNode = FALSE
	EndGlobalSection
	GlobalSection(ExtensibilityGlobals) = postSolution
		SolutionGuid = {BD0F94AA-FFFC-4F58-9EAE-77BD38C2DB88}
	EndGlobalSection
EndGlobal
